
Microsoft Visual Studio Solution File, Format Version 12.00
# Visual Studio Version 17
VisualStudioVersion = 17.1.32228.430
MinimumVisualStudioVersion = 10.0.40219.1
Project("{FAE04EC0-301F-11D3-BF4B-00C04F79EFBC}") = "Ejercicio2GuiaCAI", "Ejercicio2GuiaCAI.csproj", "{A3E62B14-4091-470E-A06C-9C7236EF296A}"
EndProject
Project("{2150E333-8FDC-42A3-9474-1A3956D46DE8}") = "Solution Items", "Solution Items", "{B8810582-51C1-4385-9406-785D19BB8447}"
	ProjectSection(SolutionItems) = preProject
		.editorconfig = .editorconfig
	EndProjectSection
EndProject
Global
	GlobalSection(SolutionConfigurationPlatforms) = preSolution
		Debug|Any CPU = Debug|Any CPU
		Release|Any CPU = Release|Any CPU
	EndGlobalSection
	GlobalSection(ProjectConfigurationPlatforms) = postSolution
		{A3E62B14-4091-470E-A06C-9C7236EF296A}.Debug|Any CPU.ActiveCfg = Debug|Any CPU
		{A3E62B14-4091-470E-A06C-9C7236EF296A}.Debug|Any CPU.Build.0 = Debug|Any CPU
		{A3E62B14-4091-470E-A06C-9C7236EF296A}.Release|Any CPU.ActiveCfg = Release|Any CPU
		{A3E62B14-4091-470E-A06C-9C7236EF296A}.Release|Any CPU.Build.0 = Release|Any CPU
	EndGlobalSection
	GlobalSection(SolutionProperties) = preSolution
		HideSolutionNode = FALSE
	EndGlobalSection
	GlobalSection(ExtensibilityGlobals) = postSolution
		SolutionGuid = {0F07F787-E369-4A02-8726-C34FA373C4B8}
	EndGlobalSection
EndGlobal
